{
  "name": "dashboard",
  "version": "0.1.0",
  "lockfileVersion": 1,
  "requires": true,
  "dependencies": {
    "glob-to-regexp": {
      "version": "0.3.0",
      "resolved": "https://registry.npmjs.org/glob-to-regexp/-/glob-to-regexp-0.3.0.tgz",
      "integrity": "sha1-jFoUlNIGbFcMw7/kSWF1rMTVAqs="
    },
    "monaco-editor-core": {
      "version": "0.13.2",
      "resolved": "https://registry.npmjs.org/monaco-editor-core/-/monaco-editor-core-0.13.2.tgz",
      "integrity": "sha512-UwUpmT+37fryykVcfuG/KA3sUV/Siip2V+kzzH/F6gzi6QGAe/A/qvr5sfTALdoW55V5aVpUNctPFUw5Bm1Qeg=="
    },
    "monaco-languageclient": {
      "version": "0.7.2",
      "resolved": "https://registry.npmjs.org/monaco-languageclient/-/monaco-languageclient-0.7.2.tgz",
      "integrity": "sha512-GA+MQzjMMHxhfn+2mdJel8Hy0GPC3j3q2HIR+VfTTm6mPSbLKIPUefm0Wl8jHJDOaB27cR6wJnLhNUEulSF9WQ==",
      "requires": {
        "glob-to-regexp": "0.3.0",
        "monaco-editor-core": "0.13.2",
        "vscode-base-languageclient": "4.4.0",
        "vscode-jsonrpc": "3.6.2",
        "vscode-uri": "1.0.6"
      }
    },
    "vscode-base-languageclient": {
      "version": "4.4.0",
      "resolved": "https://registry.npmjs.org/vscode-base-languageclient/-/vscode-base-languageclient-4.4.0.tgz",
      "integrity": "sha512-FUlMRslHaVCZZ4pSmLqa7p04yuB5hUSgqFAx5W4uINB9RfKgoTyy6eUphuhIsdBzgME1gyLe212Z8thmNNCy1A==",
      "requires": {
        "vscode-languageserver-protocol": "3.10.3"
      }
    },
    "vscode-jsonrpc": {
      "version": "3.6.2",
      "resolved": "https://registry.npmjs.org/vscode-jsonrpc/-/vscode-jsonrpc-3.6.2.tgz",
      "integrity": "sha512-T24Jb5V48e4VgYliUXMnZ379ItbrXgOimweKaJshD84z+8q7ZOZjJan0MeDe+Ugb+uqERDVV8SBmemaGMSMugA=="
    },
    "vscode-languageserver-protocol": {
      "version": "3.10.3",
      "resolved": "https://registry.npmjs.org/vscode-languageserver-protocol/-/vscode-languageserver-protocol-3.10.3.tgz",
      "integrity": "sha512-R9hKsmXmpIXBLpy6I0eztfAcWU0KHr1lADJiJq+VCmdiHGVUJugMIvU6qVCzLP9wRtZ02AF98j09NAKq10hWeQ==",
      "requires": {
        "vscode-jsonrpc": "3.6.2",
        "vscode-languageserver-types": "3.10.1"
      }
    },
    "vscode-languageserver-types": {
      "version": "3.10.1",
      "resolved": "https://registry.npmjs.org/vscode-languageserver-types/-/vscode-languageserver-types-3.10.1.tgz",
      "integrity": "sha512-HeQ1BPYJDly4HfKs0h2TUAZyHfzTAhgQsCwsa1tW9PhuvGGsd2r3Q53FFVugwP7/2bUv3GWPoTgAuIAkIdBc4w=="
    },
    "vscode-uri": {
      "version": "1.0.6",
      "resolved": "https://registry.npmjs.org/vscode-uri/-/vscode-uri-1.0.6.tgz",
      "integrity": "sha512-sLI2L0uGov3wKVb9EB+vIQBl9tVP90nqRvxSoJ35vI3NjxE8jfsE5DSOhWgSunHSZmKS4OCi2jrtfxK7uyp2ww=="
    }
  }
}
